// !$*UTF8*$!
{
	archiveVersion = 1;
	classes = {
	};
	objectVersion = 56;
	objects = {

/* Begin PBXBuildFile section */
		FCBC69E92CF1AB3E0005A923 /* AppDelegate.swift in Sources */ = {isa = PBXBuildFile; fileRef = FCBC69E82CF1AB3E0005A923 /* AppDelegate.swift */; };
		FCBC69EB2CF1AB3E0005A923 /* SceneDelegate.swift in Sources */ = {isa = PBXBuildFile; fileRef = FCBC69EA2CF1AB3E0005A923 /* SceneDelegate.swift */; };
		FCBC69F22CF1AB3F0005A923 /* Assets.xcassets in Resources */ = {isa = PBXBuildFile; fileRef = FCBC69F12CF1AB3F0005A923 /* Assets.xcassets */; };
		FCBC69F52CF1AB3F0005A923 /* Base in Resources */ = {isa = PBXBuildFile; fileRef = FCBC69F42CF1AB3F0005A923 /* Base */; };
		FCBC6A262CF1B01F0005A923 /* AppNavigationController.swift in Sources */ = {isa = PBXBuildFile; fileRef = FCBC6A252CF1B01F0005A923 /* AppNavigationController.swift */; };
		FCBC6A292CF1B08D0005A923 /* PairListVC.swift in Sources */ = {isa = PBXBuildFile; fileRef = FCBC6A272CF1B08D0005A923 /* PairListVC.swift */; };
		FCBC6A2A2CF1B08D0005A923 /* PairListVC.xib in Resources */ = {isa = PBXBuildFile; fileRef = FCBC6A282CF1B08D0005A923 /* PairListVC.xib */; };
		FCBC6A2C2CF1B0950005A923 /* PairListVM.swift in Sources */ = {isa = PBXBuildFile; fileRef = FCBC6A2B2CF1B0950005A923 /* PairListVM.swift */; };
		FCBC6A2F2CF1BAEB0005A923 /* BaseViewController.swift in Sources */ = {isa = PBXBuildFile; fileRef = FCBC6A2E2CF1BAEB0005A923 /* BaseViewController.swift */; };
		FCBC6A322CF1BB120005A923 /* AppColor.swift in Sources */ = {isa = PBXBuildFile; fileRef = FCBC6A312CF1BB120005A923 /* AppColor.swift */; };
		FCBC6A352CF1BCA20005A923 /* NavigationRouter.swift in Sources */ = {isa = PBXBuildFile; fileRef = FCBC6A342CF1BCA20005A923 /* NavigationRouter.swift */; };
		FCBC6A382CF1BD100005A923 /* PairChartVC.swift in Sources */ = {isa = PBXBuildFile; fileRef = FCBC6A362CF1BD100005A923 /* PairChartVC.swift */; };
		FCBC6A392CF1BD100005A923 /* PairChartVC.xib in Resources */ = {isa = PBXBuildFile; fileRef = FCBC6A372CF1BD100005A923 /* PairChartVC.xib */; };
		FCBC6A3B2CF1BD160005A923 /* PairChartVM.swift in Sources */ = {isa = PBXBuildFile; fileRef = FCBC6A3A2CF1BD160005A923 /* PairChartVM.swift */; };
		FCBC6A3E2CF1C4380005A923 /* NetworkLayer.swift in Sources */ = {isa = PBXBuildFile; fileRef = FCBC6A3D2CF1C4380005A923 /* NetworkLayer.swift */; };
		FCBC6A422CF1C5EE0005A923 /* String+URL.swift in Sources */ = {isa = PBXBuildFile; fileRef = FCBC6A412CF1C5EE0005A923 /* String+URL.swift */; };
		FCBC6A482CF1C8CF0005A923 /* PairListTableViewCell.swift in Sources */ = {isa = PBXBuildFile; fileRef = FCBC6A462CF1C8CF0005A923 /* PairListTableViewCell.swift */; };
		FCBC6A492CF1C8CF0005A923 /* PairListTableViewCell.xib in Resources */ = {isa = PBXBuildFile; fileRef = FCBC6A472CF1C8CF0005A923 /* PairListTableViewCell.xib */; };
		FCBC6A4C2CF1C8E60005A923 /* FavoritePairsCollectionViewCell.swift in Sources */ = {isa = PBXBuildFile; fileRef = FCBC6A4A2CF1C8E60005A923 /* FavoritePairsCollectionViewCell.swift */; };
		FCBC6A4D2CF1C8E60005A923 /* FavoritePairsCollectionViewCell.xib in Resources */ = {isa = PBXBuildFile; fileRef = FCBC6A4B2CF1C8E60005A923 /* FavoritePairsCollectionViewCell.xib */; };
		FCBC6A502CF1D3070005A923 /* UIView+Nibname.swift in Sources */ = {isa = PBXBuildFile; fileRef = FCBC6A4F2CF1D3070005A923 /* UIView+Nibname.swift */; };
		FCBC6A522CF2F74E0005A923 /* PairListModel.swift in Sources */ = {isa = PBXBuildFile; fileRef = FCBC6A512CF2F74E0005A923 /* PairListModel.swift */; };
		FCBC6A582CF332C70005A923 /* AppFont.swift in Sources */ = {isa = PBXBuildFile; fileRef = FCBC6A572CF332C70005A923 /* AppFont.swift */; };
		FCBC6A5E2CF37AB30005A923 /* Userdefaults+Save.swift in Sources */ = {isa = PBXBuildFile; fileRef = FCBC6A5D2CF37AB30005A923 /* Userdefaults+Save.swift */; };
		FCBC6A612CF37D240005A923 /* UserDefaultsKeys.swift in Sources */ = {isa = PBXBuildFile; fileRef = FCBC6A602CF37D240005A923 /* UserDefaultsKeys.swift */; };
		FCBC6A642CF39F6A0005A923 /* DGCharts in Frameworks */ = {isa = PBXBuildFile; productRef = FCBC6A632CF39F6A0005A923 /* DGCharts */; };
/* End PBXBuildFile section */

/* Begin PBXFileReference section */
		FCBC69E52CF1AB3E0005A923 /* Cripto-Demo.app */ = {isa = PBXFileReference; explicitFileType = wrapper.application; includeInIndex = 0; path = "Cripto-Demo.app"; sourceTree = BUILT_PRODUCTS_DIR; };
		FCBC69E82CF1AB3E0005A923 /* AppDelegate.swift */ = {isa = PBXFileReference; lastKnownFileType = sourcecode.swift; path = AppDelegate.swift; sourceTree = "<group>"; };
		FCBC69EA2CF1AB3E0005A923 /* SceneDelegate.swift */ = {isa = PBXFileReference; lastKnownFileType = sourcecode.swift; path = SceneDelegate.swift; sourceTree = "<group>"; };
		FCBC69F12CF1AB3F0005A923 /* Assets.xcassets */ = {isa = PBXFileReference; lastKnownFileType = folder.assetcatalog; path = Assets.xcassets; sourceTree = "<group>"; };
		FCBC69F42CF1AB3F0005A923 /* Base */ = {isa = PBXFileReference; lastKnownFileType = file.storyboard; name = Base; path = Base.lproj/LaunchScreen.storyboard; sourceTree = "<group>"; };
		FCBC69F62CF1AB3F0005A923 /* Info.plist */ = {isa = PBXFileReference; lastKnownFileType = text.plist.xml; path = Info.plist; sourceTree = "<group>"; };
		FCBC6A252CF1B01F0005A923 /* AppNavigationController.swift */ = {isa = PBXFileReference; lastKnownFileType = sourcecode.swift; path = AppNavigationController.swift; sourceTree = "<group>"; };
		FCBC6A272CF1B08D0005A923 /* PairListVC.swift */ = {isa = PBXFileReference; lastKnownFileType = sourcecode.swift; path = PairListVC.swift; sourceTree = "<group>"; };
		FCBC6A282CF1B08D0005A923 /* PairListVC.xib */ = {isa = PBXFileReference; lastKnownFileType = file.xib; path = PairListVC.xib; sourceTree = "<group>"; };
		FCBC6A2B2CF1B0950005A923 /* PairListVM.swift */ = {isa = PBXFileReference; lastKnownFileType = sourcecode.swift; path = PairListVM.swift; sourceTree = "<group>"; };
		FCBC6A2E2CF1BAEB0005A923 /* BaseViewController.swift */ = {isa = PBXFileReference; lastKnownFileType = sourcecode.swift; path = BaseViewController.swift; sourceTree = "<group>"; };
		FCBC6A312CF1BB120005A923 /* AppColor.swift */ = {isa = PBXFileReference; lastKnownFileType = sourcecode.swift; path = AppColor.swift; sourceTree = "<group>"; };
		FCBC6A342CF1BCA20005A923 /* NavigationRouter.swift */ = {isa = PBXFileReference; lastKnownFileType = sourcecode.swift; path = NavigationRouter.swift; sourceTree = "<group>"; };
		FCBC6A362CF1BD100005A923 /* PairChartVC.swift */ = {isa = PBXFileReference; lastKnownFileType = sourcecode.swift; path = PairChartVC.swift; sourceTree = "<group>"; };
		FCBC6A372CF1BD100005A923 /* PairChartVC.xib */ = {isa = PBXFileReference; lastKnownFileType = file.xib; path = PairChartVC.xib; sourceTree = "<group>"; };
		FCBC6A3A2CF1BD160005A923 /* PairChartVM.swift */ = {isa = PBXFileReference; lastKnownFileType = sourcecode.swift; path = PairChartVM.swift; sourceTree = "<group>"; };
		FCBC6A3D2CF1C4380005A923 /* NetworkLayer.swift */ = {isa = PBXFileReference; lastKnownFileType = sourcecode.swift; path = NetworkLayer.swift; sourceTree = "<group>"; };
		FCBC6A412CF1C5EE0005A923 /* String+URL.swift */ = {isa = PBXFileReference; lastKnownFileType = sourcecode.swift; path = "String+URL.swift"; sourceTree = "<group>"; };
		FCBC6A462CF1C8CF0005A923 /* PairListTableViewCell.swift */ = {isa = PBXFileReference; lastKnownFileType = sourcecode.swift; path = PairListTableViewCell.swift; sourceTree = "<group>"; };
		FCBC6A472CF1C8CF0005A923 /* PairListTableViewCell.xib */ = {isa = PBXFileReference; lastKnownFileType = file.xib; path = PairListTableViewCell.xib; sourceTree = "<group>"; };
		FCBC6A4A2CF1C8E60005A923 /* FavoritePairsCollectionViewCell.swift */ = {isa = PBXFileReference; lastKnownFileType = sourcecode.swift; path = FavoritePairsCollectionViewCell.swift; sourceTree = "<group>"; };
		FCBC6A4B2CF1C8E60005A923 /* FavoritePairsCollectionViewCell.xib */ = {isa = PBXFileReference; lastKnownFileType = file.xib; path = FavoritePairsCollectionViewCell.xib; sourceTree = "<group>"; };
		FCBC6A4F2CF1D3070005A923 /* UIView+Nibname.swift */ = {isa = PBXFileReference; lastKnownFileType = sourcecode.swift; path = "UIView+Nibname.swift"; sourceTree = "<group>"; };
		FCBC6A512CF2F74E0005A923 /* PairListModel.swift */ = {isa = PBXFileReference; lastKnownFileType = sourcecode.swift; path = PairListModel.swift; sourceTree = "<group>"; };
		FCBC6A572CF332C70005A923 /* AppFont.swift */ = {isa = PBXFileReference; lastKnownFileType = sourcecode.swift; path = AppFont.swift; sourceTree = "<group>"; };
		FCBC6A5D2CF37AB30005A923 /* Userdefaults+Save.swift */ = {isa = PBXFileReference; lastKnownFileType = sourcecode.swift; path = "Userdefaults+Save.swift"; sourceTree = "<group>"; };
		FCBC6A602CF37D240005A923 /* UserDefaultsKeys.swift */ = {isa = PBXFileReference; lastKnownFileType = sourcecode.swift; path = UserDefaultsKeys.swift; sourceTree = "<group>"; };
/* End PBXFileReference section */

/* Begin PBXFrameworksBuildPhase section */
		FCBC69E22CF1AB3E0005A923 /* Frameworks */ = {
			isa = PBXFrameworksBuildPhase;
			buildActionMask = 2147483647;
			files = (
				FCBC6A642CF39F6A0005A923 /* DGCharts in Frameworks */,
			);
			runOnlyForDeploymentPostprocessing = 0;
		};
/* End PBXFrameworksBuildPhase section */

/* Begin PBXGroup section */
		FCBC69DC2CF1AB3E0005A923 = {
			isa = PBXGroup;
			children = (
				FCBC69E72CF1AB3E0005A923 /* Cripto-Demo */,
				FCBC69E62CF1AB3E0005A923 /* Products */,
			);
			sourceTree = "<group>";
		};
		FCBC69E62CF1AB3E0005A923 /* Products */ = {
			isa = PBXGroup;
			children = (
				FCBC69E52CF1AB3E0005A923 /* Cripto-Demo.app */,
			);
			name = Products;
			sourceTree = "<group>";
		};
		FCBC69E72CF1AB3E0005A923 /* Cripto-Demo */ = {
			isa = PBXGroup;
			children = (
				FCBC6A5F2CF37D1C0005A923 /* Utils */,
				FCBC6A3F2CF1C5E10005A923 /* Extensions */,
				FCBC6A212CF1AFA70005A923 /* Common */,
				FCBC6A202CF1AFA30005A923 /* Scenes */,
				FCBC6A1F2CF1AF9A0005A923 /* Network */,
				FCBC69E82CF1AB3E0005A923 /* AppDelegate.swift */,
				FCBC69EA2CF1AB3E0005A923 /* SceneDelegate.swift */,
				FCBC69F12CF1AB3F0005A923 /* Assets.xcassets */,
				FCBC69F32CF1AB3F0005A923 /* LaunchScreen.storyboard */,
				FCBC69F62CF1AB3F0005A923 /* Info.plist */,
			);
			path = "Cripto-Demo";
			sourceTree = "<group>";
		};
		FCBC6A1F2CF1AF9A0005A923 /* Network */ = {
			isa = PBXGroup;
			children = (
				FCBC6A3C2CF1C42B0005A923 /* Models */,
				FCBC6A3D2CF1C4380005A923 /* NetworkLayer.swift */,
			);
			path = Network;
			sourceTree = "<group>";
		};
		FCBC6A202CF1AFA30005A923 /* Scenes */ = {
			isa = PBXGroup;
			children = (
				FCBC6A232CF1AFF20005A923 /* PairChart */,
				FCBC6A222CF1AFEE0005A923 /* PairList */,
			);
			path = Scenes;
			sourceTree = "<group>";
		};
		FCBC6A212CF1AFA70005A923 /* Common */ = {
			isa = PBXGroup;
			children = (
				FCBC6A562CF332C10005A923 /* AppFont */,
				FCBC6A432CF1C89C0005A923 /* Components */,
				FCBC6A302CF1BB0B0005A923 /* AppColor */,
				FCBC6A2D2CF1BAE10005A923 /* Base */,
				FCBC6A242CF1B0130005A923 /* Navigation */,
			);
			path = Common;
			sourceTree = "<group>";
		};
		FCBC6A222CF1AFEE0005A923 /* PairList */ = {
			isa = PBXGroup;
			children = (
				FCBC6A272CF1B08D0005A923 /* PairListVC.swift */,
				FCBC6A282CF1B08D0005A923 /* PairListVC.xib */,
				FCBC6A2B2CF1B0950005A923 /* PairListVM.swift */,
			);
			path = PairList;
			sourceTree = "<group>";
		};
		FCBC6A232CF1AFF20005A923 /* PairChart */ = {
			isa = PBXGroup;
			children = (
				FCBC6A362CF1BD100005A923 /* PairChartVC.swift */,
				FCBC6A372CF1BD100005A923 /* PairChartVC.xib */,
				FCBC6A3A2CF1BD160005A923 /* PairChartVM.swift */,
			);
			path = PairChart;
			sourceTree = "<group>";
		};
		FCBC6A242CF1B0130005A923 /* Navigation */ = {
			isa = PBXGroup;
			children = (
				FCBC6A332CF1BC990005A923 /* Router */,
				FCBC6A252CF1B01F0005A923 /* AppNavigationController.swift */,
			);
			path = Navigation;
			sourceTree = "<group>";
		};
		FCBC6A2D2CF1BAE10005A923 /* Base */ = {
			isa = PBXGroup;
			children = (
				FCBC6A2E2CF1BAEB0005A923 /* BaseViewController.swift */,
			);
			path = Base;
			sourceTree = "<group>";
		};
		FCBC6A302CF1BB0B0005A923 /* AppColor */ = {
			isa = PBXGroup;
			children = (
				FCBC6A312CF1BB120005A923 /* AppColor.swift */,
			);
			path = AppColor;
			sourceTree = "<group>";
		};
		FCBC6A332CF1BC990005A923 /* Router */ = {
			isa = PBXGroup;
			children = (
				FCBC6A342CF1BCA20005A923 /* NavigationRouter.swift */,
			);
			path = Router;
			sourceTree = "<group>";
		};
		FCBC6A3C2CF1C42B0005A923 /* Models */ = {
			isa = PBXGroup;
			children = (
				FCBC6A512CF2F74E0005A923 /* PairListModel.swift */,
			);
			path = Models;
			sourceTree = "<group>";
		};
		FCBC6A3F2CF1C5E10005A923 /* Extensions */ = {
			isa = PBXGroup;
			children = (
				FCBC6A5C2CF37AAA0005A923 /* UserDefaults */,
				FCBC6A4E2CF1D2F90005A923 /* UIView */,
				FCBC6A402CF1C5E60005A923 /* String */,
			);
			path = Extensions;
			sourceTree = "<group>";
		};
		FCBC6A402CF1C5E60005A923 /* String */ = {
			isa = PBXGroup;
			children = (
				FCBC6A412CF1C5EE0005A923 /* String+URL.swift */,
			);
			path = String;
			sourceTree = "<group>";
		};
		FCBC6A432CF1C89C0005A923 /* Components */ = {
			isa = PBXGroup;
			children = (
				FCBC6A452CF1C8B20005A923 /* FavoritePairsCollectionCell */,
				FCBC6A442CF1C8A70005A923 /* PairListTableViewCell */,
			);
			path = Components;
			sourceTree = "<group>";
		};
		FCBC6A442CF1C8A70005A923 /* PairListTableViewCell */ = {
			isa = PBXGroup;
			children = (
				FCBC6A462CF1C8CF0005A923 /* PairListTableViewCell.swift */,
				FCBC6A472CF1C8CF0005A923 /* PairListTableViewCell.xib */,
			);
			path = PairListTableViewCell;
			sourceTree = "<group>";
		};
		FCBC6A452CF1C8B20005A923 /* FavoritePairsCollectionCell */ = {
			isa = PBXGroup;
			children = (
				FCBC6A4A2CF1C8E60005A923 /* FavoritePairsCollectionViewCell.swift */,
				FCBC6A4B2CF1C8E60005A923 /* FavoritePairsCollectionViewCell.xib */,
			);
			path = FavoritePairsCollectionCell;
			sourceTree = "<group>";
		};
		FCBC6A4E2CF1D2F90005A923 /* UIView */ = {
			isa = PBXGroup;
			children = (
				FCBC6A4F2CF1D3070005A923 /* UIView+Nibname.swift */,
			);
			path = UIView;
			sourceTree = "<group>";
		};
		FCBC6A562CF332C10005A923 /* AppFont */ = {
			isa = PBXGroup;
			children = (
				FCBC6A572CF332C70005A923 /* AppFont.swift */,
			);
			path = AppFont;
			sourceTree = "<group>";
		};
		FCBC6A5C2CF37AAA0005A923 /* UserDefaults */ = {
			isa = PBXGroup;
			children = (
				FCBC6A5D2CF37AB30005A923 /* Userdefaults+Save.swift */,
			);
			path = UserDefaults;
			sourceTree = "<group>";
		};
		FCBC6A5F2CF37D1C0005A923 /* Utils */ = {
			isa = PBXGroup;
			children = (
				FCBC6A602CF37D240005A923 /* UserDefaultsKeys.swift */,
			);
			path = Utils;
			sourceTree = "<group>";
		};
/* End PBXGroup section */

/* Begin PBXNativeTarget section */
		FCBC69E42CF1AB3E0005A923 /* Cripto-Demo */ = {
			isa = PBXNativeTarget;
			buildConfigurationList = FCBC6A0F2CF1AB3F0005A923 /* Build configuration list for PBXNativeTarget "Cripto-Demo" */;
			buildPhases = (
				FCBC69E12CF1AB3E0005A923 /* Sources */,
				FCBC69E22CF1AB3E0005A923 /* Frameworks */,
				FCBC69E32CF1AB3E0005A923 /* Resources */,
			);
			buildRules = (
			);
			dependencies = (
			);
			name = "Cripto-Demo";
			packageProductDependencies = (
				FCBC6A632CF39F6A0005A923 /* DGCharts */,
			);
			productName = "Cripto-Demo";
			productReference = FCBC69E52CF1AB3E0005A923 /* Cripto-Demo.app */;
			productType = "com.apple.product-type.application";
		};
/* End PBXNativeTarget section */

/* Begin PBXProject section */
		FCBC69DD2CF1AB3E0005A923 /* Project object */ = {
			isa = PBXProject;
			attributes = {
				BuildIndependentTargetsInParallel = 1;
				LastSwiftUpdateCheck = 1540;
				LastUpgradeCheck = 1540;
				TargetAttributes = {
					FCBC69E42CF1AB3E0005A923 = {
						CreatedOnToolsVersion = 15.4;
					};
				};
			};
			buildConfigurationList = FCBC69E02CF1AB3E0005A923 /* Build configuration list for PBXProject "Cripto-Demo" */;
			compatibilityVersion = "Xcode 14.0";
			developmentRegion = en;
			hasScannedForEncodings = 0;
			knownRegions = (
				en,
				Base,
			);
			mainGroup = FCBC69DC2CF1AB3E0005A923;
			packageReferences = (
				FCBC6A622CF39F6A0005A923 /* XCRemoteSwiftPackageReference "Charts" */,
			);
			productRefGroup = FCBC69E62CF1AB3E0005A923 /* Products */;
			projectDirPath = "";
			projectRoot = "";
			targets = (
				FCBC69E42CF1AB3E0005A923 /* Cripto-Demo */,
			);
		};
/* End PBXProject section */

/* Begin PBXResourcesBuildPhase section */
		FCBC69E32CF1AB3E0005A923 /* Resources */ = {
			isa = PBXResourcesBuildPhase;
			buildActionMask = 2147483647;
			files = (
				FCBC6A2A2CF1B08D0005A923 /* PairListVC.xib in Resources */,
				FCBC69F22CF1AB3F0005A923 /* Assets.xcassets in Resources */,
				FCBC6A4D2CF1C8E60005A923 /* FavoritePairsCollectionViewCell.xib in Resources */,
				FCBC69F52CF1AB3F0005A923 /* Base in Resources */,
				FCBC6A492CF1C8CF0005A923 /* PairListTableViewCell.xib in Resources */,
				FCBC6A392CF1BD100005A923 /* PairChartVC.xib in Resources */,
			);
			runOnlyForDeploymentPostprocessing = 0;
		};
/* End PBXResourcesBuildPhase section */

/* Begin PBXSourcesBuildPhase section */
		FCBC69E12CF1AB3E0005A923 /* Sources */ = {
			isa = PBXSourcesBuildPhase;
			buildActionMask = 2147483647;
			files = (
				FCBC6A502CF1D3070005A923 /* UIView+Nibname.swift in Sources */,
				FCBC6A4C2CF1C8E60005A923 /* FavoritePairsCollectionViewCell.swift in Sources */,
				FCBC6A292CF1B08D0005A923 /* PairListVC.swift in Sources */,
				FCBC6A3B2CF1BD160005A923 /* PairChartVM.swift in Sources */,
				FCBC69E92CF1AB3E0005A923 /* AppDelegate.swift in Sources */,
				FCBC6A352CF1BCA20005A923 /* NavigationRouter.swift in Sources */,
				FCBC6A612CF37D240005A923 /* UserDefaultsKeys.swift in Sources */,
				FCBC6A382CF1BD100005A923 /* PairChartVC.swift in Sources */,
				FCBC6A522CF2F74E0005A923 /* PairListModel.swift in Sources */,
				FCBC6A3E2CF1C4380005A923 /* NetworkLayer.swift in Sources */,
				FCBC6A5E2CF37AB30005A923 /* Userdefaults+Save.swift in Sources */,
				FCBC6A2C2CF1B0950005A923 /* PairListVM.swift in Sources */,
				FCBC6A322CF1BB120005A923 /* AppColor.swift in Sources */,
				FCBC6A482CF1C8CF0005A923 /* PairListTableViewCell.swift in Sources */,
				FCBC6A422CF1C5EE0005A923 /* String+URL.swift in Sources */,
				FCBC6A582CF332C70005A923 /* AppFont.swift in Sources */,
				FCBC69EB2CF1AB3E0005A923 /* SceneDelegate.swift in Sources */,
				FCBC6A262CF1B01F0005A923 /* AppNavigationController.swift in Sources */,
				FCBC6A2F2CF1BAEB0005A923 /* BaseViewController.swift in Sources */,
			);
			runOnlyForDeploymentPostprocessing = 0;
		};
/* End PBXSourcesBuildPhase section */

/* Begin PBXVariantGroup section */
		FCBC69F32CF1AB3F0005A923 /* LaunchScreen.storyboard */ = {
			isa = PBXVariantGroup;
			children = (
				FCBC69F42CF1AB3F0005A923 /* Base */,
			);
			name = LaunchScreen.storyboard;
			sourceTree = "<group>";
		};
/* End PBXVariantGroup section */

/* Begin XCBuildConfiguration section */
		FCBC6A0D2CF1AB3F0005A923 /* Debug */ = {
			isa = XCBuildConfiguration;
			buildSettings = {
				ALWAYS_SEARCH_USER_PATHS = NO;
				ASSETCATALOG_COMPILER_GENERATE_SWIFT_ASSET_SYMBOL_EXTENSIONS = YES;
				CLANG_ANALYZER_NONNULL = YES;
				CLANG_ANALYZER_NUMBER_OBJECT_CONVERSION = YES_AGGRESSIVE;
				CLANG_CXX_LANGUAGE_STANDARD = "gnu++20";
				CLANG_ENABLE_MODULES = YES;
				CLANG_ENABLE_OBJC_ARC = YES;
				CLANG_ENABLE_OBJC_WEAK = YES;
				CLANG_WARN_BLOCK_CAPTURE_AUTORELEASING = YES;
				CLANG_WARN_BOOL_CONVERSION = YES;
				CLANG_WARN_COMMA = YES;
				CLANG_WARN_CONSTANT_CONVERSION = YES;
				CLANG_WARN_DEPRECATED_OBJC_IMPLEMENTATIONS = YES;
				CLANG_WARN_DIRECT_OBJC_ISA_USAGE = YES_ERROR;
				CLANG_WARN_DOCUMENTATION_COMMENTS = YES;
				CLANG_WARN_EMPTY_BODY = YES;
				CLANG_WARN_ENUM_CONVERSION = YES;
				CLANG_WARN_INFINITE_RECURSION = YES;
				CLANG_WARN_INT_CONVERSION = YES;
				CLANG_WARN_NON_LITERAL_NULL_CONVERSION = YES;
				CLANG_WARN_OBJC_IMPLICIT_RETAIN_SELF = YES;
				CLANG_WARN_OBJC_LITERAL_CONVERSION = YES;
				CLANG_WARN_OBJC_ROOT_CLASS = YES_ERROR;
				CLANG_WARN_QUOTED_INCLUDE_IN_FRAMEWORK_HEADER = YES;
				CLANG_WARN_RANGE_LOOP_ANALYSIS = YES;
				CLANG_WARN_STRICT_PROTOTYPES = YES;
				CLANG_WARN_SUSPICIOUS_MOVE = YES;
				CLANG_WARN_UNGUARDED_AVAILABILITY = YES_AGGRESSIVE;
				CLANG_WARN_UNREACHABLE_CODE = YES;
				CLANG_WARN__DUPLICATE_METHOD_MATCH = YES;
				COPY_PHASE_STRIP = NO;
				DEBUG_INFORMATION_FORMAT = dwarf;
				ENABLE_STRICT_OBJC_MSGSEND = YES;
				ENABLE_TESTABILITY = YES;
				ENABLE_USER_SCRIPT_SANDBOXING = YES;
				GCC_C_LANGUAGE_STANDARD = gnu17;
				GCC_DYNAMIC_NO_PIC = NO;
				GCC_NO_COMMON_BLOCKS = YES;
				GCC_OPTIMIZATION_LEVEL = 0;
				GCC_PREPROCESSOR_DEFINITIONS = (
					"DEBUG=1",
					"$(inherited)",
				);
				GCC_WARN_64_TO_32_BIT_CONVERSION = YES;
				GCC_WARN_ABOUT_RETURN_TYPE = YES_ERROR;
				GCC_WARN_UNDECLARED_SELECTOR = YES;
				GCC_WARN_UNINITIALIZED_AUTOS = YES_AGGRESSIVE;
				GCC_WARN_UNUSED_FUNCTION = YES;
				GCC_WARN_UNUSED_VARIABLE = YES;
				IPHONEOS_DEPLOYMENT_TARGET = 17.5;
				LOCALIZATION_PREFERS_STRING_CATALOGS = YES;
				MTL_ENABLE_DEBUG_INFO = INCLUDE_SOURCE;
				MTL_FAST_MATH = YES;
				ONLY_ACTIVE_ARCH = YES;
				SDKROOT = iphoneos;
				SWIFT_ACTIVE_COMPILATION_CONDITIONS = "DEBUG $(inherited)";
				SWIFT_OPTIMIZATION_LEVEL = "-Onone";
			};
			name = Debug;
		};
		FCBC6A0E2CF1AB3F0005A923 /* Release */ = {
			isa = XCBuildConfiguration;
			buildSettings = {
				ALWAYS_SEARCH_USER_PATHS = NO;
				ASSETCATALOG_COMPILER_GENERATE_SWIFT_ASSET_SYMBOL_EXTENSIONS = YES;
				CLANG_ANALYZER_NONNULL = YES;
				CLANG_ANALYZER_NUMBER_OBJECT_CONVERSION = YES_AGGRESSIVE;
				CLANG_CXX_LANGUAGE_STANDARD = "gnu++20";
				CLANG_ENABLE_MODULES = YES;
				CLANG_ENABLE_OBJC_ARC = YES;
				CLANG_ENABLE_OBJC_WEAK = YES;
				CLANG_WARN_BLOCK_CAPTURE_AUTORELEASING = YES;
				CLANG_WARN_BOOL_CONVERSION = YES;
				CLANG_WARN_COMMA = YES;
				CLANG_WARN_CONSTANT_CONVERSION = YES;
				CLANG_WARN_DEPRECATED_OBJC_IMPLEMENTATIONS = YES;
				CLANG_WARN_DIRECT_OBJC_ISA_USAGE = YES_ERROR;
				CLANG_WARN_DOCUMENTATION_COMMENTS = YES;
				CLANG_WARN_EMPTY_BODY = YES;
				CLANG_WARN_ENUM_CONVERSION = YES;
				CLANG_WARN_INFINITE_RECURSION = YES;
				CLANG_WARN_INT_CONVERSION = YES;
				CLANG_WARN_NON_LITERAL_NULL_CONVERSION = YES;
				CLANG_WARN_OBJC_IMPLICIT_RETAIN_SELF = YES;
				CLANG_WARN_OBJC_LITERAL_CONVERSION = YES;
				CLANG_WARN_OBJC_ROOT_CLASS = YES_ERROR;
				CLANG_WARN_QUOTED_INCLUDE_IN_FRAMEWORK_HEADER = YES;
				CLANG_WARN_RANGE_LOOP_ANALYSIS = YES;
				CLANG_WARN_STRICT_PROTOTYPES = YES;
				CLANG_WARN_SUSPICIOUS_MOVE = YES;
				CLANG_WARN_UNGUARDED_AVAILABILITY = YES_AGGRESSIVE;
				CLANG_WARN_UNREACHABLE_CODE = YES;
				CLANG_WARN__DUPLICATE_METHOD_MATCH = YES;
				COPY_PHASE_STRIP = NO;
				DEBUG_INFORMATION_FORMAT = "dwarf-with-dsym";
				ENABLE_NS_ASSERTIONS = NO;
				ENABLE_STRICT_OBJC_MSGSEND = YES;
				ENABLE_USER_SCRIPT_SANDBOXING = YES;
				GCC_C_LANGUAGE_STANDARD = gnu17;
				GCC_NO_COMMON_BLOCKS = YES;
				GCC_WARN_64_TO_32_BIT_CONVERSION = YES;
				GCC_WARN_ABOUT_RETURN_TYPE = YES_ERROR;
				GCC_WARN_UNDECLARED_SELECTOR = YES;
				GCC_WARN_UNINITIALIZED_AUTOS = YES_AGGRESSIVE;
				GCC_WARN_UNUSED_FUNCTION = YES;
				GCC_WARN_UNUSED_VARIABLE = YES;
				IPHONEOS_DEPLOYMENT_TARGET = 17.5;
				LOCALIZATION_PREFERS_STRING_CATALOGS = YES;
				MTL_ENABLE_DEBUG_INFO = NO;
				MTL_FAST_MATH = YES;
				SDKROOT = iphoneos;
				SWIFT_COMPILATION_MODE = wholemodule;
				VALIDATE_PRODUCT = YES;
			};
			name = Release;
		};
		FCBC6A102CF1AB3F0005A923 /* Debug */ = {
			isa = XCBuildConfiguration;
			buildSettings = {
				ASSETCATALOG_COMPILER_APPICON_NAME = AppIcon;
				ASSETCATALOG_COMPILER_GLOBAL_ACCENT_COLOR_NAME = AccentColor;
				CODE_SIGN_STYLE = Automatic;
				CURRENT_PROJECT_VERSION = 1;
				DEVELOPMENT_TEAM = 579DA4NVH6;
				GENERATE_INFOPLIST_FILE = YES;
				INFOPLIST_FILE = "Cripto-Demo/Info.plist";
				INFOPLIST_KEY_UIApplicationSupportsIndirectInputEvents = YES;
				INFOPLIST_KEY_UILaunchStoryboardName = LaunchScreen;
				INFOPLIST_KEY_UIMainStoryboardFile = "";
				INFOPLIST_KEY_UISupportedInterfaceOrientations_iPad = "UIInterfaceOrientationPortrait UIInterfaceOrientationPortraitUpsideDown UIInterfaceOrientationLandscapeLeft UIInterfaceOrientationLandscapeRight";
				INFOPLIST_KEY_UISupportedInterfaceOrientations_iPhone = "UIInterfaceOrientationPortrait UIInterfaceOrientationLandscapeLeft UIInterfaceOrientationLandscapeRight";
				LD_RUNPATH_SEARCH_PATHS = (
					"$(inherited)",
					"@executable_path/Frameworks",
				);
				MARKETING_VERSION = 1.0;
				PRODUCT_BUNDLE_IDENTIFIER = "cripto.demo.app.Cripto-Demo";
				PRODUCT_NAME = "$(TARGET_NAME)";
				SWIFT_EMIT_LOC_STRINGS = YES;
				SWIFT_VERSION = 5.0;
				TARGETED_DEVICE_FAMILY = "1,2";
			};
			name = Debug;
		};
		FCBC6A112CF1AB3F0005A923 /* Release */ = {
			isa = XCBuildConfiguration;
			buildSettings = {
				ASSETCATALOG_COMPILER_APPICON_NAME = AppIcon;
				ASSETCATALOG_COMPILER_GLOBAL_ACCENT_COLOR_NAME = AccentColor;
				CODE_SIGN_STYLE = Automatic;
				CURRENT_PROJECT_VERSION = 1;
				DEVELOPMENT_TEAM = 579DA4NVH6;
				GENERATE_INFOPLIST_FILE = YES;
				INFOPLIST_FILE = "Cripto-Demo/Info.plist";
				INFOPLIST_KEY_UIApplicationSupportsIndirectInputEvents = YES;
				INFOPLIST_KEY_UILaunchStoryboardName = LaunchScreen;
				INFOPLIST_KEY_UIMainStoryboardFile = "";
				INFOPLIST_KEY_UISupportedInterfaceOrientations_iPad = "UIInterfaceOrientationPortrait UIInterfaceOrientationPortraitUpsideDown UIInterfaceOrientationLandscapeLeft UIInterfaceOrientationLandscapeRight";
				INFOPLIST_KEY_UISupportedInterfaceOrientations_iPhone = "UIInterfaceOrientationPortrait UIInterfaceOrientationLandscapeLeft UIInterfaceOrientationLandscapeRight";
				LD_RUNPATH_SEARCH_PATHS = (
					"$(inherited)",
					"@executable_path/Frameworks",
				);
				MARKETING_VERSION = 1.0;
				PRODUCT_BUNDLE_IDENTIFIER = "cripto.demo.app.Cripto-Demo";
				PRODUCT_NAME = "$(TARGET_NAME)";
				SWIFT_EMIT_LOC_STRINGS = YES;
				SWIFT_VERSION = 5.0;
				TARGETED_DEVICE_FAMILY = "1,2";
			};
			name = Release;
		};
/* End XCBuildConfiguration section */

/* Begin XCConfigurationList section */
		FCBC69E02CF1AB3E0005A923 /* Build configuration list for PBXProject "Cripto-Demo" */ = {
			isa = XCConfigurationList;
			buildConfigurations = (
				FCBC6A0D2CF1AB3F0005A923 /* Debug */,
				FCBC6A0E2CF1AB3F0005A923 /* Release */,
			);
			defaultConfigurationIsVisible = 0;
			defaultConfigurationName = Release;
		};
		FCBC6A0F2CF1AB3F0005A923 /* Build configuration list for PBXNativeTarget "Cripto-Demo" */ = {
			isa = XCConfigurationList;
			buildConfigurations = (
				FCBC6A102CF1AB3F0005A923 /* Debug */,
				FCBC6A112CF1AB3F0005A923 /* Release */,
			);
			defaultConfigurationIsVisible = 0;
			defaultConfigurationName = Release;
		};
/* End XCConfigurationList section */

/* Begin XCRemoteSwiftPackageReference section */
		FCBC6A622CF39F6A0005A923 /* XCRemoteSwiftPackageReference "Charts" */ = {
			isa = XCRemoteSwiftPackageReference;
			repositoryURL = "https://github.com/danielgindi/Charts";
			requirement = {
				kind = upToNextMajorVersion;
				minimumVersion = 5.1.0;
			};
		};
/* End XCRemoteSwiftPackageReference section */

/* Begin XCSwiftPackageProductDependency section */
		FCBC6A632CF39F6A0005A923 /* DGCharts */ = {
			isa = XCSwiftPackageProductDependency;
			package = FCBC6A622CF39F6A0005A923 /* XCRemoteSwiftPackageReference "Charts" */;
			productName = DGCharts;
		};
/* End XCSwiftPackageProductDependency section */
	};
	rootObject = FCBC69DD2CF1AB3E0005A923 /* Project object */;
}
